// !$*UTF8*$!
{
	archiveVersion = 1;
	classes = {
	};
	objectVersion = 77;
	objects = {

/* Begin PBXBuildFile section */
		EC6576C82DD218B600AF6128 /* CameraFeedModel.swift in Sources */ = {isa = PBXBuildFile; fileRef = EC6576C72DD218B600AF6128 /* CameraFeedModel.swift */; };
		EC6576CA2DD218D000AF6128 /* CameraView.swift in Sources */ = {isa = PBXBuildFile; fileRef = EC6576C92DD218D000AF6128 /* CameraView.swift */; };
		EC6576CC2DD218E900AF6128 /* TimesUpPopup.swift in Sources */ = {isa = PBXBuildFile; fileRef = EC6576CB2DD218E900AF6128 /* TimesUpPopup.swift */; };
		EC6576CE2DD218F400AF6128 /* WrongAnswerPopup.swift in Sources */ = {isa = PBXBuildFile; fileRef = EC6576CD2DD218F400AF6128 /* WrongAnswerPopup.swift */; };
/* End PBXBuildFile section */

/* Begin PBXContainerItemProxy section */
		69AFA8242DC7E8E300745EBB /* PBXContainerItemProxy */ = {
			isa = PBXContainerItemProxy;
			containerPortal = 69AFA8092DC7E8E000745EBB /* Project object */;
			proxyType = 1;
			remoteGlobalIDString = 69AFA8102DC7E8E000745EBB;
			remoteInfo = Glint;
		};
		69AFA82E2DC7E8E300745EBB /* PBXContainerItemProxy */ = {
			isa = PBXContainerItemProxy;
			containerPortal = 69AFA8092DC7E8E000745EBB /* Project object */;
			proxyType = 1;
			remoteGlobalIDString = 69AFA8102DC7E8E000745EBB;
			remoteInfo = Glint;
		};
/* End PBXContainerItemProxy section */

/* Begin PBXCopyFilesBuildPhase section */
		95688A592DCFA6A700DF65D6 /* Embed Foundation Extensions */ = {
			isa = PBXCopyFilesBuildPhase;
			buildActionMask = 2147483647;
			dstPath = "";
			dstSubfolderSpec = 13;
			files = (
			);
			name = "Embed Foundation Extensions";
			runOnlyForDeploymentPostprocessing = 0;
		};
/* End PBXCopyFilesBuildPhase section */

/* Begin PBXFileReference section */
		69AFA8112DC7E8E000745EBB /* Glint.app */ = {isa = PBXFileReference; explicitFileType = wrapper.application; includeInIndex = 0; path = Glint.app; sourceTree = BUILT_PRODUCTS_DIR; };
		69AFA8232DC7E8E300745EBB /* GlintTests.xctest */ = {isa = PBXFileReference; explicitFileType = wrapper.cfbundle; includeInIndex = 0; path = GlintTests.xctest; sourceTree = BUILT_PRODUCTS_DIR; };
		69AFA82D2DC7E8E300745EBB /* GlintUITests.xctest */ = {isa = PBXFileReference; explicitFileType = wrapper.cfbundle; includeInIndex = 0; path = GlintUITests.xctest; sourceTree = BUILT_PRODUCTS_DIR; };
		EC6576C72DD218B600AF6128 /* CameraFeedModel.swift */ = {isa = PBXFileReference; lastKnownFileType = sourcecode.swift; path = CameraFeedModel.swift; sourceTree = "<group>"; };
		EC6576C92DD218D000AF6128 /* CameraView.swift */ = {isa = PBXFileReference; lastKnownFileType = sourcecode.swift; path = CameraView.swift; sourceTree = "<group>"; };
		EC6576CB2DD218E900AF6128 /* TimesUpPopup.swift */ = {isa = PBXFileReference; lastKnownFileType = sourcecode.swift; path = TimesUpPopup.swift; sourceTree = "<group>"; };
		EC6576CD2DD218F400AF6128 /* WrongAnswerPopup.swift */ = {isa = PBXFileReference; lastKnownFileType = sourcecode.swift; path = WrongAnswerPopup.swift; sourceTree = "<group>"; };
/* End PBXFileReference section */

/* Begin PBXFileSystemSynchronizedRootGroup section */
		69AFA8132DC7E8E000745EBB /* Glint */ = {
			isa = PBXFileSystemSynchronizedRootGroup;
			path = Glint;
			sourceTree = "<group>";
		};
		69AFA8262DC7E8E300745EBB /* GlintTests */ = {
			isa = PBXFileSystemSynchronizedRootGroup;
			path = GlintTests;
			sourceTree = "<group>";
		};
		69AFA8302DC7E8E300745EBB /* GlintUITests */ = {
			isa = PBXFileSystemSynchronizedRootGroup;
			path = GlintUITests;
			sourceTree = "<group>";
		};
		95688A442DCFA6A600DF65D6 /* GlintWidget */ = {
			isa = PBXFileSystemSynchronizedRootGroup;
			path = GlintWidget;
			sourceTree = "<group>";
		};
/* End PBXFileSystemSynchronizedRootGroup section */

/* Begin PBXFrameworksBuildPhase section */
		69AFA80E2DC7E8E000745EBB /* Frameworks */ = {
			isa = PBXFrameworksBuildPhase;
			buildActionMask = 2147483647;
			files = (
			);
			runOnlyForDeploymentPostprocessing = 0;
		};
		69AFA8202DC7E8E300745EBB /* Frameworks */ = {
			isa = PBXFrameworksBuildPhase;
			buildActionMask = 2147483647;
			files = (
			);
			runOnlyForDeploymentPostprocessing = 0;
		};
		69AFA82A2DC7E8E300745EBB /* Frameworks */ = {
			isa = PBXFrameworksBuildPhase;
			buildActionMask = 2147483647;
			files = (
			);
			runOnlyForDeploymentPostprocessing = 0;
		};
/* End PBXFrameworksBuildPhase section */

/* Begin PBXGroup section */
		69AFA8082DC7E8E000745EBB = {
			isa = PBXGroup;
			children = (
				69AFA8132DC7E8E000745EBB /* Glint */,
				69AFA8262DC7E8E300745EBB /* GlintTests */,
				69AFA8302DC7E8E300745EBB /* GlintUITests */,
				95688A442DCFA6A600DF65D6 /* GlintWidget */,
				95688A3F2DCFA6A600DF65D6 /* Frameworks */,
				69AFA8122DC7E8E000745EBB /* Products */,
				EC6576C72DD218B600AF6128 /* CameraFeedModel.swift */,
				EC6576C92DD218D000AF6128 /* CameraView.swift */,
				EC6576CB2DD218E900AF6128 /* TimesUpPopup.swift */,
				EC6576CD2DD218F400AF6128 /* WrongAnswerPopup.swift */,
			);
			sourceTree = "<group>";
		};
		69AFA8122DC7E8E000745EBB /* Products */ = {
			isa = PBXGroup;
			children = (
				69AFA8112DC7E8E000745EBB /* Glint.app */,
				69AFA8232DC7E8E300745EBB /* GlintTests.xctest */,
				69AFA82D2DC7E8E300745EBB /* GlintUITests.xctest */,
			);
			name = Products;
			sourceTree = "<group>";
		};
		95688A3F2DCFA6A600DF65D6 /* Frameworks */ = {
			isa = PBXGroup;
			children = (
			);
			name = Frameworks;
			sourceTree = "<group>";
		};
/* End PBXGroup section */

/* Begin PBXNativeTarget section */
		69AFA8102DC7E8E000745EBB /* Glint */ = {
			isa = PBXNativeTarget;
			buildConfigurationList = 69AFA8372DC7E8E300745EBB /* Build configuration list for PBXNativeTarget "Glint" */;
			buildPhases = (
				69AFA80D2DC7E8E000745EBB /* Sources */,
				69AFA80E2DC7E8E000745EBB /* Frameworks */,
				69AFA80F2DC7E8E000745EBB /* Resources */,
				95688A592DCFA6A700DF65D6 /* Embed Foundation Extensions */,
			);
			buildRules = (
			);
			dependencies = (
			);
			fileSystemSynchronizedGroups = (
				69AFA8132DC7E8E000745EBB /* Glint */,
			);
			name = Glint;
			packageProductDependencies = (
			);
			productName = Glint;
			productReference = 69AFA8112DC7E8E000745EBB /* Glint.app */;
			productType = "com.apple.product-type.application";
		};
		69AFA8222DC7E8E300745EBB /* GlintTests */ = {
			isa = PBXNativeTarget;
			buildConfigurationList = 69AFA83A2DC7E8E300745EBB /* Build configuration list for PBXNativeTarget "GlintTests" */;
			buildPhases = (
				69AFA81F2DC7E8E300745EBB /* Sources */,
				69AFA8202DC7E8E300745EBB /* Frameworks */,
				69AFA8212DC7E8E300745EBB /* Resources */,
			);
			buildRules = (
			);
			dependencies = (
				69AFA8252DC7E8E300745EBB /* PBXTargetDependency */,
			);
			fileSystemSynchronizedGroups = (
				69AFA8262DC7E8E300745EBB /* GlintTests */,
			);
			name = GlintTests;
			packageProductDependencies = (
			);
			productName = GlintTests;
			productReference = 69AFA8232DC7E8E300745EBB /* GlintTests.xctest */;
			productType = "com.apple.product-type.bundle.unit-test";
		};
		69AFA82C2DC7E8E300745EBB /* GlintUITests */ = {
			isa = PBXNativeTarget;
			buildConfigurationList = 69AFA83D2DC7E8E300745EBB /* Build configuration list for PBXNativeTarget "GlintUITests" */;
			buildPhases = (
				69AFA8292DC7E8E300745EBB /* Sources */,
				69AFA82A2DC7E8E300745EBB /* Frameworks */,
				69AFA82B2DC7E8E300745EBB /* Resources */,
			);
			buildRules = (
			);
			dependencies = (
				69AFA82F2DC7E8E300745EBB /* PBXTargetDependency */,
			);
			fileSystemSynchronizedGroups = (
				69AFA8302DC7E8E300745EBB /* GlintUITests */,
			);
			name = GlintUITests;
			packageProductDependencies = (
			);
			productName = GlintUITests;
			productReference = 69AFA82D2DC7E8E300745EBB /* GlintUITests.xctest */;
			productType = "com.apple.product-type.bundle.ui-testing";
		};
/* End PBXNativeTarget section */

/* Begin PBXProject section */
		69AFA8092DC7E8E000745EBB /* Project object */ = {
			isa = PBXProject;
			attributes = {
				BuildIndependentTargetsInParallel = 1;
				LastSwiftUpdateCheck = 1620;
				LastUpgradeCheck = 1620;
				TargetAttributes = {
					69AFA8102DC7E8E000745EBB = {
						CreatedOnToolsVersion = 16.2;
					};
					69AFA8222DC7E8E300745EBB = {
						CreatedOnToolsVersion = 16.2;
						TestTargetID = 69AFA8102DC7E8E000745EBB;
					};
					69AFA82C2DC7E8E300745EBB = {
						CreatedOnToolsVersion = 16.2;
						TestTargetID = 69AFA8102DC7E8E000745EBB;
					};
				};
			};
			buildConfigurationList = 69AFA80C2DC7E8E000745EBB /* Build configuration list for PBXProject "Glint" */;
			developmentRegion = en;
			hasScannedForEncodings = 0;
			knownRegions = (
				en,
				Base,
			);
			mainGroup = 69AFA8082DC7E8E000745EBB;
			minimizedProjectReferenceProxies = 1;
			preferredProjectObjectVersion = 77;
			productRefGroup = 69AFA8122DC7E8E000745EBB /* Products */;
			projectDirPath = "";
			projectRoot = "";
			targets = (
				69AFA8102DC7E8E000745EBB /* Glint */,
				69AFA8222DC7E8E300745EBB /* GlintTests */,
				69AFA82C2DC7E8E300745EBB /* GlintUITests */,
			);
		};
/* End PBXProject section */

/* Begin PBXResourcesBuildPhase section */
		69AFA80F2DC7E8E000745EBB /* Resources */ = {
			isa = PBXResourcesBuildPhase;
			buildActionMask = 2147483647;
			files = (
			);
			runOnlyForDeploymentPostprocessing = 0;
		};
		69AFA8212DC7E8E300745EBB /* Resources */ = {
			isa = PBXResourcesBuildPhase;
			buildActionMask = 2147483647;
			files = (
			);
			runOnlyForDeploymentPostprocessing = 0;
		};
		69AFA82B2DC7E8E300745EBB /* Resources */ = {
			isa = PBXResourcesBuildPhase;
			buildActionMask = 2147483647;
			files = (
			);
			runOnlyForDeploymentPostprocessing = 0;
		};
/* End PBXResourcesBuildPhase section */

/* Begin PBXSourcesBuildPhase section */
		69AFA80D2DC7E8E000745EBB /* Sources */ = {
			isa = PBXSourcesBuildPhase;
			buildActionMask = 2147483647;
			files = (
				EC6576CC2DD218E900AF6128 /* TimesUpPopup.swift in Sources */,
				EC6576C82DD218B600AF6128 /* CameraFeedModel.swift in Sources */,
				EC6576CE2DD218F400AF6128 /* WrongAnswerPopup.swift in Sources */,
				EC6576CA2DD218D000AF6128 /* CameraView.swift in Sources */,
			);
			runOnlyForDeploymentPostprocessing = 0;
		};
		69AFA81F2DC7E8E300745EBB /* Sources */ = {
			isa = PBXSourcesBuildPhase;
			buildActionMask = 2147483647;
			files = (
			);
			runOnlyForDeploymentPostprocessing = 0;
		};
		69AFA8292DC7E8E300745EBB /* Sources */ = {
			isa = PBXSourcesBuildPhase;
			buildActionMask = 2147483647;
			files = (
			);
			runOnlyForDeploymentPostprocessing = 0;
		};
/* End PBXSourcesBuildPhase section */

/* Begin PBXTargetDependency section */
		69AFA8252DC7E8E300745EBB /* PBXTargetDependency */ = {
			isa = PBXTargetDependency;
			target = 69AFA8102DC7E8E000745EBB /* Glint */;
			targetProxy = 69AFA8242DC7E8E300745EBB /* PBXContainerItemProxy */;
		};
		69AFA82F2DC7E8E300745EBB /* PBXTargetDependency */ = {
			isa = PBXTargetDependency;
			target = 69AFA8102DC7E8E000745EBB /* Glint */;
			targetProxy = 69AFA82E2DC7E8E300745EBB /* PBXContainerItemProxy */;
		};
/* End PBXTargetDependency section */

/* Begin XCBuildConfiguration section */
		69AFA8352DC7E8E300745EBB /* Debug */ = {
			isa = XCBuildConfiguration;
			buildSettings = {
				ALWAYS_SEARCH_USER_PATHS = NO;
				ASSETCATALOG_COMPILER_GENERATE_SWIFT_ASSET_SYMBOL_EXTENSIONS = YES;
				CLANG_ANALYZER_NONNULL = YES;
				CLANG_ANALYZER_NUMBER_OBJECT_CONVERSION = YES_AGGRESSIVE;
				CLANG_CXX_LANGUAGE_STANDARD = "gnu++20";
				CLANG_ENABLE_MODULES = YES;
				CLANG_ENABLE_OBJC_ARC = YES;
				CLANG_ENABLE_OBJC_WEAK = YES;
				CLANG_WARN_BLOCK_CAPTURE_AUTORELEASING = YES;
				CLANG_WARN_BOOL_CONVERSION = YES;
				CLANG_WARN_COMMA = YES;
				CLANG_WARN_CONSTANT_CONVERSION = YES;
				CLANG_WARN_DEPRECATED_OBJC_IMPLEMENTATIONS = YES;
				CLANG_WARN_DIRECT_OBJC_ISA_USAGE = YES_ERROR;
				CLANG_WARN_DOCUMENTATION_COMMENTS = YES;
				CLANG_WARN_EMPTY_BODY = YES;
				CLANG_WARN_ENUM_CONVERSION = YES;
				CLANG_WARN_INFINITE_RECURSION = YES;
				CLANG_WARN_INT_CONVERSION = YES;
				CLANG_WARN_NON_LITERAL_NULL_CONVERSION = YES;
				CLANG_WARN_OBJC_IMPLICIT_RETAIN_SELF = YES;
				CLANG_WARN_OBJC_LITERAL_CONVERSION = YES;
				CLANG_WARN_OBJC_ROOT_CLASS = YES_ERROR;
				CLANG_WARN_QUOTED_INCLUDE_IN_FRAMEWORK_HEADER = YES;
				CLANG_WARN_RANGE_LOOP_ANALYSIS = YES;
				CLANG_WARN_STRICT_PROTOTYPES = YES;
				CLANG_WARN_SUSPICIOUS_MOVE = YES;
				CLANG_WARN_UNGUARDED_AVAILABILITY = YES_AGGRESSIVE;
				CLANG_WARN_UNREACHABLE_CODE = YES;
				CLANG_WARN__DUPLICATE_METHOD_MATCH = YES;
				COPY_PHASE_STRIP = NO;
				DEBUG_INFORMATION_FORMAT = dwarf;
				ENABLE_STRICT_OBJC_MSGSEND = YES;
				ENABLE_TESTABILITY = YES;
				ENABLE_USER_SCRIPT_SANDBOXING = YES;
				GCC_C_LANGUAGE_STANDARD = gnu17;
				GCC_DYNAMIC_NO_PIC = NO;
				GCC_NO_COMMON_BLOCKS = YES;
				GCC_OPTIMIZATION_LEVEL = 0;
				GCC_PREPROCESSOR_DEFINITIONS = (
					"DEBUG=1",
					"$(inherited)",
				);
				GCC_WARN_64_TO_32_BIT_CONVERSION = YES;
				GCC_WARN_ABOUT_RETURN_TYPE = YES_ERROR;
				GCC_WARN_UNDECLARED_SELECTOR = YES;
				GCC_WARN_UNINITIALIZED_AUTOS = YES_AGGRESSIVE;
				GCC_WARN_UNUSED_FUNCTION = YES;
				GCC_WARN_UNUSED_VARIABLE = YES;
				IPHONEOS_DEPLOYMENT_TARGET = 18.2;
				LOCALIZATION_PREFERS_STRING_CATALOGS = YES;
				MTL_ENABLE_DEBUG_INFO = INCLUDE_SOURCE;
				MTL_FAST_MATH = YES;
				ONLY_ACTIVE_ARCH = YES;
				SDKROOT = iphoneos;
				SWIFT_ACTIVE_COMPILATION_CONDITIONS = "DEBUG $(inherited)";
				SWIFT_OPTIMIZATION_LEVEL = "-Onone";
			};
			name = Debug;
		};
		69AFA8362DC7E8E300745EBB /* Release */ = {
			isa = XCBuildConfiguration;
			buildSettings = {
				ALWAYS_SEARCH_USER_PATHS = NO;
				ASSETCATALOG_COMPILER_GENERATE_SWIFT_ASSET_SYMBOL_EXTENSIONS = YES;
				CLANG_ANALYZER_NONNULL = YES;
				CLANG_ANALYZER_NUMBER_OBJECT_CONVERSION = YES_AGGRESSIVE;
				CLANG_CXX_LANGUAGE_STANDARD = "gnu++20";
				CLANG_ENABLE_MODULES = YES;
				CLANG_ENABLE_OBJC_ARC = YES;
				CLANG_ENABLE_OBJC_WEAK = YES;
				CLANG_WARN_BLOCK_CAPTURE_AUTORELEASING = YES;
				CLANG_WARN_BOOL_CONVERSION = YES;
				CLANG_WARN_COMMA = YES;
				CLANG_WARN_CONSTANT_CONVERSION = YES;
				CLANG_WARN_DEPRECATED_OBJC_IMPLEMENTATIONS = YES;
				CLANG_WARN_DIRECT_OBJC_ISA_USAGE = YES_ERROR;
				CLANG_WARN_DOCUMENTATION_COMMENTS = YES;
				CLANG_WARN_EMPTY_BODY = YES;
				CLANG_WARN_ENUM_CONVERSION = YES;
				CLANG_WARN_INFINITE_RECURSION = YES;
				CLANG_WARN_INT_CONVERSION = YES;
				CLANG_WARN_NON_LITERAL_NULL_CONVERSION = YES;
				CLANG_WARN_OBJC_IMPLICIT_RETAIN_SELF = YES;
				CLANG_WARN_OBJC_LITERAL_CONVERSION = YES;
				CLANG_WARN_OBJC_ROOT_CLASS = YES_ERROR;
				CLANG_WARN_QUOTED_INCLUDE_IN_FRAMEWORK_HEADER = YES;
				CLANG_WARN_RANGE_LOOP_ANALYSIS = YES;
				CLANG_WARN_STRICT_PROTOTYPES = YES;
				CLANG_WARN_SUSPICIOUS_MOVE = YES;
				CLANG_WARN_UNGUARDED_AVAILABILITY = YES_AGGRESSIVE;
				CLANG_WARN_UNREACHABLE_CODE = YES;
				CLANG_WARN__DUPLICATE_METHOD_MATCH = YES;
				COPY_PHASE_STRIP = NO;
				DEBUG_INFORMATION_FORMAT = "dwarf-with-dsym";
				ENABLE_NS_ASSERTIONS = NO;
				ENABLE_STRICT_OBJC_MSGSEND = YES;
				ENABLE_USER_SCRIPT_SANDBOXING = YES;
				GCC_C_LANGUAGE_STANDARD = gnu17;
				GCC_NO_COMMON_BLOCKS = YES;
				GCC_WARN_64_TO_32_BIT_CONVERSION = YES;
				GCC_WARN_ABOUT_RETURN_TYPE = YES_ERROR;
				GCC_WARN_UNDECLARED_SELECTOR = YES;
				GCC_WARN_UNINITIALIZED_AUTOS = YES_AGGRESSIVE;
				GCC_WARN_UNUSED_FUNCTION = YES;
				GCC_WARN_UNUSED_VARIABLE = YES;
				IPHONEOS_DEPLOYMENT_TARGET = 18.2;
				LOCALIZATION_PREFERS_STRING_CATALOGS = YES;
				MTL_ENABLE_DEBUG_INFO = NO;
				MTL_FAST_MATH = YES;
				SDKROOT = iphoneos;
				SWIFT_COMPILATION_MODE = wholemodule;
				VALIDATE_PRODUCT = YES;
			};
			name = Release;
		};
		69AFA8382DC7E8E300745EBB /* Debug */ = {
			isa = XCBuildConfiguration;
			buildSettings = {
				ASSETCATALOG_COMPILER_APPICON_NAME = AppIcon;
				ASSETCATALOG_COMPILER_GLOBAL_ACCENT_COLOR_NAME = AccentColor;
				CODE_SIGN_ENTITLEMENTS = Glint/Glint.entitlements;
				CODE_SIGN_IDENTITY = "Apple Development";
				CODE_SIGN_STYLE = Automatic;
				CURRENT_PROJECT_VERSION = 1;
				DEVELOPMENT_ASSET_PATHS = "\"Glint/Preview Content\"";
				DEVELOPMENT_TEAM = NH3RJ826P8;
				ENABLE_PREVIEWS = YES;
				GENERATE_INFOPLIST_FILE = YES;
				INFOPLIST_KEY_NSCameraUsageDescription = "GlintWe Need Access To The Camera To Detect Colors";
				INFOPLIST_KEY_UIApplicationSceneManifest_Generation = YES;
				INFOPLIST_KEY_UIApplicationSupportsIndirectInputEvents = YES;
				INFOPLIST_KEY_UILaunchScreen_Generation = YES;
				INFOPLIST_KEY_UISupportedInterfaceOrientations_iPad = "UIInterfaceOrientationPortrait UIInterfaceOrientationPortraitUpsideDown UIInterfaceOrientationLandscapeLeft UIInterfaceOrientationLandscapeRight";
				INFOPLIST_KEY_UISupportedInterfaceOrientations_iPhone = "UIInterfaceOrientationPortrait UIInterfaceOrientationLandscapeLeft UIInterfaceOrientationLandscapeRight";
				LD_RUNPATH_SEARCH_PATHS = (
					"$(inherited)",
					"@executable_path/Frameworks",
				);
				MARKETING_VERSION = 1.0;
				PRODUCT_BUNDLE_IDENTIFIER = co.Glint;
				PRODUCT_NAME = "$(TARGET_NAME)";
				PROVISIONING_PROFILE_SPECIFIER = "";
				SWIFT_EMIT_LOC_STRINGS = YES;
				SWIFT_VERSION = 5.0;
				TARGETED_DEVICE_FAMILY = "1,2";
			};
			name = Debug;
		};
		69AFA8392DC7E8E300745EBB /* Release */ = {
			isa = XCBuildConfiguration;
			buildSettings = {
				ASSETCATALOG_COMPILER_APPICON_NAME = AppIcon;
				ASSETCATALOG_COMPILER_GLOBAL_ACCENT_COLOR_NAME = AccentColor;
				CODE_SIGN_ENTITLEMENTS = Glint/Glint.entitlements;
				CODE_SIGN_IDENTITY = "Apple Development";
				CODE_SIGN_STYLE = Automatic;
				CURRENT_PROJECT_VERSION = 1;
				DEVELOPMENT_ASSET_PATHS = "\"Glint/Preview Content\"";
				DEVELOPMENT_TEAM = NH3RJ826P8;
				ENABLE_PREVIEWS = YES;
				GENERATE_INFOPLIST_FILE = YES;
				INFOPLIST_KEY_NSCameraUsageDescription = "GlintWe Need Access To The Camera To Detect Colors";
				INFOPLIST_KEY_UIApplicationSceneManifest_Generation = YES;
				INFOPLIST_KEY_UIApplicationSupportsIndirectInputEvents = YES;
				INFOPLIST_KEY_UILaunchScreen_Generation = YES;
				INFOPLIST_KEY_UISupportedInterfaceOrientations_iPad = "UIInterfaceOrientationPortrait UIInterfaceOrientationPortraitUpsideDown UIInterfaceOrientationLandscapeLeft UIInterfaceOrientationLandscapeRight";
				INFOPLIST_KEY_UISupportedInterfaceOrientations_iPhone = "UIInterfaceOrientationPortrait UIInterfaceOrientationLandscapeLeft UIInterfaceOrientationLandscapeRight";
				LD_RUNPATH_SEARCH_PATHS = (
					"$(inherited)",
					"@executable_path/Frameworks",
				);
				MARKETING_VERSION = 1.0;
				PRODUCT_BUNDLE_IDENTIFIER = co.Glint;
				PRODUCT_NAME = "$(TARGET_NAME)";
				PROVISIONING_PROFILE_SPECIFIER = "";
				SWIFT_EMIT_LOC_STRINGS = YES;
				SWIFT_VERSION = 5.0;
				TARGETED_DEVICE_FAMILY = "1,2";
			};
			name = Release;
		};
		69AFA83B2DC7E8E300745EBB /* Debug */ = {
			isa = XCBuildConfiguration;
			buildSettings = {
				BUNDLE_LOADER = "$(TEST_HOST)";
				CODE_SIGN_STYLE = Automatic;
				CURRENT_PROJECT_VERSION = 1;
				DEVELOPMENT_TEAM = NH3RJ826P8;
				GENERATE_INFOPLIST_FILE = YES;
				IPHONEOS_DEPLOYMENT_TARGET = 18.2;
				MARKETING_VERSION = 1.0;
				PRODUCT_BUNDLE_IDENTIFIER = co.GlintTests;
				PRODUCT_NAME = "$(TARGET_NAME)";
				SWIFT_EMIT_LOC_STRINGS = NO;
				SWIFT_VERSION = 5.0;
				TARGETED_DEVICE_FAMILY = "1,2";
				TEST_HOST = "$(BUILT_PRODUCTS_DIR)/Glint.app/$(BUNDLE_EXECUTABLE_FOLDER_PATH)/Glint";
			};
			name = Debug;
		};
		69AFA83C2DC7E8E300745EBB /* Release */ = {
			isa = XCBuildConfiguration;
			buildSettings = {
				BUNDLE_LOADER = "$(TEST_HOST)";
				CODE_SIGN_STYLE = Automatic;
				CURRENT_PROJECT_VERSION = 1;
				DEVELOPMENT_TEAM = NH3RJ826P8;
				GENERATE_INFOPLIST_FILE = YES;
				IPHONEOS_DEPLOYMENT_TARGET = 18.2;
				MARKETING_VERSION = 1.0;
				PRODUCT_BUNDLE_IDENTIFIER = co.GlintTests;
				PRODUCT_NAME = "$(TARGET_NAME)";
				SWIFT_EMIT_LOC_STRINGS = NO;
				SWIFT_VERSION = 5.0;
				TARGETED_DEVICE_FAMILY = "1,2";
				TEST_HOST = "$(BUILT_PRODUCTS_DIR)/Glint.app/$(BUNDLE_EXECUTABLE_FOLDER_PATH)/Glint";
			};
			name = Release;
		};
		69AFA83E2DC7E8E300745EBB /* Debug */ = {
			isa = XCBuildConfiguration;
			buildSettings = {
				CODE_SIGN_STYLE = Automatic;
				CURRENT_PROJECT_VERSION = 1;
				DEVELOPMENT_TEAM = NH3RJ826P8;
				GENERATE_INFOPLIST_FILE = YES;
				MARKETING_VERSION = 1.0;
				PRODUCT_BUNDLE_IDENTIFIER = co.GlintUITests;
				PRODUCT_NAME = "$(TARGET_NAME)";
				SWIFT_EMIT_LOC_STRINGS = NO;
				SWIFT_VERSION = 5.0;
				TARGETED_DEVICE_FAMILY = "1,2";
				TEST_TARGET_NAME = Glint;
			};
			name = Debug;
		};
		69AFA83F2DC7E8E300745EBB /* Release */ = {
			isa = XCBuildConfiguration;
			buildSettings = {
				CODE_SIGN_STYLE = Automatic;
				CURRENT_PROJECT_VERSION = 1;
				DEVELOPMENT_TEAM = NH3RJ826P8;
				GENERATE_INFOPLIST_FILE = YES;
				MARKETING_VERSION = 1.0;
				PRODUCT_BUNDLE_IDENTIFIER = co.GlintUITests;
				PRODUCT_NAME = "$(TARGET_NAME)";
				SWIFT_EMIT_LOC_STRINGS = NO;
				SWIFT_VERSION = 5.0;
				TARGETED_DEVICE_FAMILY = "1,2";
				TEST_TARGET_NAME = Glint;
			};
			name = Release;
		};
/* End XCBuildConfiguration section */

/* Begin XCConfigurationList section */
		69AFA80C2DC7E8E000745EBB /* Build configuration list for PBXProject "Glint" */ = {
			isa = XCConfigurationList;
			buildConfigurations = (
				69AFA8352DC7E8E300745EBB /* Debug */,
				69AFA8362DC7E8E300745EBB /* Release */,
			);
			defaultConfigurationIsVisible = 0;
			defaultConfigurationName = Release;
		};
		69AFA8372DC7E8E300745EBB /* Build configuration list for PBXNativeTarget "Glint" */ = {
			isa = XCConfigurationList;
			buildConfigurations = (
				69AFA8382DC7E8E300745EBB /* Debug */,
				69AFA8392DC7E8E300745EBB /* Release */,
			);
			defaultConfigurationIsVisible = 0;
			defaultConfigurationName = Release;
		};
		69AFA83A2DC7E8E300745EBB /* Build configuration list for PBXNativeTarget "GlintTests" */ = {
			isa = XCConfigurationList;
			buildConfigurations = (
				69AFA83B2DC7E8E300745EBB /* Debug */,
				69AFA83C2DC7E8E300745EBB /* Release */,
			);
			defaultConfigurationIsVisible = 0;
			defaultConfigurationName = Release;
		};
		69AFA83D2DC7E8E300745EBB /* Build configuration list for PBXNativeTarget "GlintUITests" */ = {
			isa = XCConfigurationList;
			buildConfigurations = (
				69AFA83E2DC7E8E300745EBB /* Debug */,
				69AFA83F2DC7E8E300745EBB /* Release */,
			);
			defaultConfigurationIsVisible = 0;
			defaultConfigurationName = Release;
		};
/* End XCConfigurationList section */
	};
	rootObject = 69AFA8092DC7E8E000745EBB /* Project object */;
}
